
Microsoft Visual Studio Solution File, Format Version 12.00
# Visual Studio Version 17
VisualStudioVersion = 17.9.34622.214
MinimumVisualStudioVersion = 10.0.40219.1
Project("{FAE04EC0-301F-11D3-BF4B-00C04F79EFBC}") = "WpfApp2", "WpfApp2.csproj", "{75B6D30C-970C-443E-9595-A60AA7137E87}"
EndProject
Global
	GlobalSection(SolutionConfigurationPlatforms) = preSolution
		Debug|Any CPU = Debug|Any CPU
		Release|Any CPU = Release|Any CPU
	EndGlobalSection
	GlobalSection(ProjectConfigurationPlatforms) = postSolution
		{75B6D30C-970C-443E-9595-A60AA7137E87}.Debug|Any CPU.ActiveCfg = Debug|Any CPU
		{75B6D30C-970C-443E-9595-A60AA7137E87}.Debug|Any CPU.Build.0 = Debug|Any CPU
		{75B6D30C-970C-443E-9595-A60AA7137E87}.Release|Any CPU.ActiveCfg = Release|Any CPU
		{75B6D30C-970C-443E-9595-A60AA7137E87}.Release|Any CPU.Build.0 = Release|Any CPU
	EndGlobalSection
	GlobalSection(SolutionProperties) = preSolution
		HideSolutionNode = FALSE
	EndGlobalSection
	GlobalSection(ExtensibilityGlobals) = postSolution
		SolutionGuid = {F66A6BA8-CEAC-41A3-9250-654246F84412}
	EndGlobalSection
EndGlobal
